
Microsoft Visual Studio Solution File, Format Version 12.00
# Visual Studio Version 17
VisualStudioVersion = 17.9.34607.119
MinimumVisualStudioVersion = 10.0.40219.1
Project("{FAE04EC0-301F-11D3-BF4B-00C04F79EFBC}") = "MarketPredictor", "MarketPredictor.csproj", "{6718027B-6772-4415-AECB-A9DC956EFF79}"
EndProject
Global
	GlobalSection(SolutionConfigurationPlatforms) = preSolution
		Debug|Any CPU = Debug|Any CPU
		Release|Any CPU = Release|Any CPU
	EndGlobalSection
	GlobalSection(ProjectConfigurationPlatforms) = postSolution
		{6718027B-6772-4415-AECB-A9DC956EFF79}.Debug|Any CPU.ActiveCfg = Debug|Any CPU
		{6718027B-6772-4415-AECB-A9DC956EFF79}.Debug|Any CPU.Build.0 = Debug|Any CPU
		{6718027B-6772-4415-AECB-A9DC956EFF79}.Release|Any CPU.ActiveCfg = Release|Any CPU
		{6718027B-6772-4415-AECB-A9DC956EFF79}.Release|Any CPU.Build.0 = Release|Any CPU
	EndGlobalSection
	GlobalSection(SolutionProperties) = preSolution
		HideSolutionNode = FALSE
	EndGlobalSection
	GlobalSection(ExtensibilityGlobals) = postSolution
		SolutionGuid = {2C4F91CC-A6D2-477B-8ECE-102E43201D13}
	EndGlobalSection
EndGlobal
